{
    "name": "ctg-js-api-client",
    "version": "1.0.1",
    "lockfileVersion": 3,
    "requires": true,
    "packages": {
        "": {
            "name": "ctg-js-api-client",
            "version": "1.0.1",
            "devDependencies": {
                "ctg-js-test": "github:claymoretechgroup/ctg-js-test"
            },
            "engines": {
                "node": ">=19.7.0"
            }
        },
        "node_modules/ctg-js-test": {
            "version": "2.1.0",
            "resolved": "git+ssh://git@github.com/claymoretechgroup/ctg-js-test.git#d0b6ab05bd18ede9286714a3ce00f3d3a7430250",
            "dev": true
        }
    }
}
