{
    "name": "ctg-js-api-client",
    "version": "1.0.1",
    "lockfileVersion": 3,
    "requires": true,
    "packages": {
        "": {
            "name": "ctg-js-api-client",
            "version": "1.0.1",
            "devDependencies": {
                "ctg-js-test": "claymoretechgroup/ctg-js-test"
            },
            "engines": {
                "node": ">=19.7.0"
            }
        },
        "node_modules/ctg-js-test": {
            "version": "1.1.0",
            "resolved": "git+ssh://git@github.com/claymoretechgroup/ctg-js-test.git#3619140d234653df059cc26c3b0dd8118204c0b3",
            "dev": true,
            "bin": {
                "ctg-test": "bin/ctg-test"
            }
        }
    }
}
